
Microsoft Visual Studio Solution File, Format Version 12.00
# Visual Studio Version 17
VisualStudioVersion = 17.12.35707.178 d17.12
MinimumVisualStudioVersion = 10.0.40219.1
Project("{FAE04EC0-301F-11D3-BF4B-00C04F79EFBC}") = "BackendDF", "BackendDF\src\BackendDF\BackendDF.csproj", "{6BAB0120-E7FD-4FEA-8791-CD99B94A9478}"
EndProject
Project("{2150E333-8FDC-42A3-9474-1A3956D46DE8}") = "BackendDF\src\BackendDF", "BackendDF\src\BackendDF", "{7D8CED86-DC63-49B2-842E-805936271CA8}"
EndProject
Project("{2150E333-8FDC-42A3-9474-1A3956D46DE8}") = "BackendDF", "BackendDF", "{C799C2E6-7E5B-4953-8097-374F05D466BB}"
EndProject
Project("{2150E333-8FDC-42A3-9474-1A3956D46DE8}") = "tests", "tests", "{FD229738-F8D2-4FBD-A97E-05C72F9199DF}"
EndProject
Project("{FAE04EC0-301F-11D3-BF4B-00C04F79EFBC}") = "BackendDF.Tests", "BackendDF\tests\BackendDF.Tests\BackendDF.Tests.csproj", "{A69216D7-7097-48D0-BF0D-F8E1DCA961BA}"
EndProject
Global
	GlobalSection(SolutionConfigurationPlatforms) = preSolution
		Debug|Any CPU = Debug|Any CPU
		Release|Any CPU = Release|Any CPU
	EndGlobalSection
	GlobalSection(ProjectConfigurationPlatforms) = postSolution
		{6BAB0120-E7FD-4FEA-8791-CD99B94A9478}.Debug|Any CPU.ActiveCfg = Debug|Any CPU
		{6BAB0120-E7FD-4FEA-8791-CD99B94A9478}.Debug|Any CPU.Build.0 = Debug|Any CPU
		{6BAB0120-E7FD-4FEA-8791-CD99B94A9478}.Release|Any CPU.ActiveCfg = Release|Any CPU
		{6BAB0120-E7FD-4FEA-8791-CD99B94A9478}.Release|Any CPU.Build.0 = Release|Any CPU
		{A69216D7-7097-48D0-BF0D-F8E1DCA961BA}.Debug|Any CPU.ActiveCfg = Debug|Any CPU
		{A69216D7-7097-48D0-BF0D-F8E1DCA961BA}.Debug|Any CPU.Build.0 = Debug|Any CPU
		{A69216D7-7097-48D0-BF0D-F8E1DCA961BA}.Release|Any CPU.ActiveCfg = Release|Any CPU
		{A69216D7-7097-48D0-BF0D-F8E1DCA961BA}.Release|Any CPU.Build.0 = Release|Any CPU
	EndGlobalSection
	GlobalSection(SolutionProperties) = preSolution
		HideSolutionNode = FALSE
	EndGlobalSection
	GlobalSection(NestedProjects) = preSolution
		{6BAB0120-E7FD-4FEA-8791-CD99B94A9478} = {7D8CED86-DC63-49B2-842E-805936271CA8}
		{FD229738-F8D2-4FBD-A97E-05C72F9199DF} = {C799C2E6-7E5B-4953-8097-374F05D466BB}
		{A69216D7-7097-48D0-BF0D-F8E1DCA961BA} = {FD229738-F8D2-4FBD-A97E-05C72F9199DF}
	EndGlobalSection
EndGlobal
