
Microsoft Visual Studio Solution File, Format Version 12.00
# Visual Studio Version 17
VisualStudioVersion = 17.0.31903.59
MinimumVisualStudioVersion = 10.0.40219.1
Project("{FAE04EC0-301F-11D3-BF4B-00C04F79EFBC}") = "BackendDF", "src\BackendDF\BackendDF.csproj", "{3D1CC2D6-3729-4C6E-A82F-D9BE04171EDE}"
EndProject
Project("{2150E333-8FDC-42A3-9474-1A3956D46DE8}") = "tests", "tests", "{F9651FBB-A74C-4524-9D80-5597E362E15C}"
EndProject
Project("{FAE04EC0-301F-11D3-BF4B-00C04F79EFBC}") = "BackendDF.Tests", "tests\BackendDF.Tests\BackendDF.Tests.csproj", "{1A1E51F3-8340-4288-922D-FB16E1C97A42}"
EndProject
Global
	GlobalSection(SolutionConfigurationPlatforms) = preSolution
		Debug|Any CPU = Debug|Any CPU
		Release|Any CPU = Release|Any CPU
	EndGlobalSection
	GlobalSection(ProjectConfigurationPlatforms) = postSolution
		{3D1CC2D6-3729-4C6E-A82F-D9BE04171EDE}.Debug|Any CPU.ActiveCfg = Debug|Any CPU
		{3D1CC2D6-3729-4C6E-A82F-D9BE04171EDE}.Debug|Any CPU.Build.0 = Debug|Any CPU
		{3D1CC2D6-3729-4C6E-A82F-D9BE04171EDE}.Release|Any CPU.ActiveCfg = Release|Any CPU
		{3D1CC2D6-3729-4C6E-A82F-D9BE04171EDE}.Release|Any CPU.Build.0 = Release|Any CPU
		{1A1E51F3-8340-4288-922D-FB16E1C97A42}.Debug|Any CPU.ActiveCfg = Debug|Any CPU
		{1A1E51F3-8340-4288-922D-FB16E1C97A42}.Debug|Any CPU.Build.0 = Debug|Any CPU
		{1A1E51F3-8340-4288-922D-FB16E1C97A42}.Release|Any CPU.ActiveCfg = Release|Any CPU
		{1A1E51F3-8340-4288-922D-FB16E1C97A42}.Release|Any CPU.Build.0 = Release|Any CPU
	EndGlobalSection
	GlobalSection(SolutionProperties) = preSolution
		HideSolutionNode = FALSE
	EndGlobalSection
	GlobalSection(ExtensibilityGlobals) = postSolution
		SolutionGuid = {1992FBB9-CB53-485D-8455-B4841C52BE7E}
	EndGlobalSection
	GlobalSection(NestedProjects) = preSolution
		{1A1E51F3-8340-4288-922D-FB16E1C97A42} = {F9651FBB-A74C-4524-9D80-5597E362E15C}
	EndGlobalSection
EndGlobal
